
Microsoft Visual Studio Solution File, Format Version 12.00
Project("{FAE04EC0-301F-11D3-BF4B-00C04F79EFBC}") = "docs-test", "docs-test\docs-test.csproj", "{77980CA6-D4C1-4050-9E73-7302956BDB6E}"
EndProject
Global
	GlobalSection(SolutionConfigurationPlatforms) = preSolution
		Debug|Any CPU = Debug|Any CPU
		Release|Any CPU = Release|Any CPU
	EndGlobalSection
	GlobalSection(ProjectConfigurationPlatforms) = postSolution
		{77980CA6-D4C1-4050-9E73-7302956BDB6E}.Debug|Any CPU.ActiveCfg = Debug|Any CPU
		{77980CA6-D4C1-4050-9E73-7302956BDB6E}.Debug|Any CPU.Build.0 = Debug|Any CPU
		{77980CA6-D4C1-4050-9E73-7302956BDB6E}.Release|Any CPU.ActiveCfg = Release|Any CPU
		{77980CA6-D4C1-4050-9E73-7302956BDB6E}.Release|Any CPU.Build.0 = Release|Any CPU
	EndGlobalSection
EndGlobal
